
Microsoft Visual Studio Solution File, Format Version 12.00
# Visual Studio 15
VisualStudioVersion = 15.0.28307.168
MinimumVisualStudioVersion = 10.0.40219.1
Project("{FAE04EC0-301F-11D3-BF4B-00C04F79EFBC}") = "csharpSolution", "csharpSolution\csharpSolution.csproj", "{E51D4B91-9E42-4E68-AF2F-44FF60D009D4}"
EndProject
Project("{FAE04EC0-301F-11D3-BF4B-00C04F79EFBC}") = "csharpSolutionUnitText", "csharpSolutionUnitText\csharpSolutionUnitText.csproj", "{5AD62D04-2E59-4C7F-AEB6-E955108123E3}"
EndProject
Global
	GlobalSection(SolutionConfigurationPlatforms) = preSolution
		Debug|Any CPU = Debug|Any CPU
		Release|Any CPU = Release|Any CPU
	EndGlobalSection
	GlobalSection(ProjectConfigurationPlatforms) = postSolution
		{E51D4B91-9E42-4E68-AF2F-44FF60D009D4}.Debug|Any CPU.ActiveCfg = Debug|Any CPU
		{E51D4B91-9E42-4E68-AF2F-44FF60D009D4}.Debug|Any CPU.Build.0 = Debug|Any CPU
		{E51D4B91-9E42-4E68-AF2F-44FF60D009D4}.Release|Any CPU.ActiveCfg = Release|Any CPU
		{E51D4B91-9E42-4E68-AF2F-44FF60D009D4}.Release|Any CPU.Build.0 = Release|Any CPU
		{5AD62D04-2E59-4C7F-AEB6-E955108123E3}.Debug|Any CPU.ActiveCfg = Debug|Any CPU
		{5AD62D04-2E59-4C7F-AEB6-E955108123E3}.Debug|Any CPU.Build.0 = Debug|Any CPU
		{5AD62D04-2E59-4C7F-AEB6-E955108123E3}.Release|Any CPU.ActiveCfg = Release|Any CPU
		{5AD62D04-2E59-4C7F-AEB6-E955108123E3}.Release|Any CPU.Build.0 = Release|Any CPU
	EndGlobalSection
	GlobalSection(SolutionProperties) = preSolution
		HideSolutionNode = FALSE
	EndGlobalSection
	GlobalSection(ExtensibilityGlobals) = postSolution
		SolutionGuid = {5E5D2B49-465D-497F-83D3-B64EF0A39E60}
	EndGlobalSection
EndGlobal
